// !$*UTF8*$!
{
	archiveVersion = 1;
	classes = {
	};
	objectVersion = 56;
	objects = {

/* Begin PBXBuildFile section */
		B115AE2F2C4A98AC00A0E7E7 /* UIBlockingProgressHUD.swift in Sources */ = {isa = PBXBuildFile; fileRef = B115AE2E2C4A98AC00A0E7E7 /* UIBlockingProgressHUD.swift */; };
		B115AE322C4A9AE000A0E7E7 /* ProfileService.swift in Sources */ = {isa = PBXBuildFile; fileRef = B115AE312C4A9AE000A0E7E7 /* ProfileService.swift */; };
		B115AE362C4ACB1600A0E7E7 /* ProfileModels.swift in Sources */ = {isa = PBXBuildFile; fileRef = B115AE352C4ACB1600A0E7E7 /* ProfileModels.swift */; };
		B115AE382C4ACBB400A0E7E7 /* ProfileImageService.swift in Sources */ = {isa = PBXBuildFile; fileRef = B115AE372C4ACBB400A0E7E7 /* ProfileImageService.swift */; };
		B115AE3A2C4ACD0E00A0E7E7 /* ProfileImageModel.swift in Sources */ = {isa = PBXBuildFile; fileRef = B115AE392C4ACD0E00A0E7E7 /* ProfileImageModel.swift */; };
		B115AE3D2C4D2E4200A0E7E7 /* AlertPresenter.swift in Sources */ = {isa = PBXBuildFile; fileRef = B115AE3C2C4D2E4200A0E7E7 /* AlertPresenter.swift */; };
		B115AE632C4D3A7500A0E7E7 /* Kingfisher in Frameworks */ = {isa = PBXBuildFile; productRef = B115AE622C4D3A7500A0E7E7 /* Kingfisher */; };
		B115AE662C4D431F00A0E7E7 /* SwiftKeychainWrapper in Frameworks */ = {isa = PBXBuildFile; productRef = B115AE652C4D431F00A0E7E7 /* SwiftKeychainWrapper */; };
		B115AE692C4D45FB00A0E7E7 /* TabBarController.swift in Sources */ = {isa = PBXBuildFile; fileRef = B115AE682C4D45FB00A0E7E7 /* TabBarController.swift */; };
		B14F49412C3960F400ACA29A /* AppDelegate.swift in Sources */ = {isa = PBXBuildFile; fileRef = B14F49402C3960F400ACA29A /* AppDelegate.swift */; };
		B14F49432C3960F400ACA29A /* SceneDelegate.swift in Sources */ = {isa = PBXBuildFile; fileRef = B14F49422C3960F400ACA29A /* SceneDelegate.swift */; };
		B14F49452C3960F400ACA29A /* ImageListViewController.swift in Sources */ = {isa = PBXBuildFile; fileRef = B14F49442C3960F400ACA29A /* ImageListViewController.swift */; };
		B14F49482C3960F400ACA29A /* Base in Resources */ = {isa = PBXBuildFile; fileRef = B14F49472C3960F400ACA29A /* Base */; };
		B14F494A2C3960F600ACA29A /* Assets.xcassets in Resources */ = {isa = PBXBuildFile; fileRef = B14F49492C3960F600ACA29A /* Assets.xcassets */; };
		B14F494D2C3960F600ACA29A /* Base in Resources */ = {isa = PBXBuildFile; fileRef = B14F494C2C3960F600ACA29A /* Base */; };
		B14F49552C39646D00ACA29A /* ImageListCell.swift in Sources */ = {isa = PBXBuildFile; fileRef = B14F49542C39646D00ACA29A /* ImageListCell.swift */; };
		B14F495A2C39678C00ACA29A /* DateFormatter.swift in Sources */ = {isa = PBXBuildFile; fileRef = B14F49592C39678C00ACA29A /* DateFormatter.swift */; };
		B14F495D2C39791C00ACA29A /* ProfileViewController.swift in Sources */ = {isa = PBXBuildFile; fileRef = B14F495C2C39791C00ACA29A /* ProfileViewController.swift */; };
		B197C5332C39A69E008ACC8B /* SingleImageViewController.swift in Sources */ = {isa = PBXBuildFile; fileRef = B197C5322C39A69E008ACC8B /* SingleImageViewController.swift */; };
		B1A60D9A2C468F070070C75A /* OAuth2Service.swift in Sources */ = {isa = PBXBuildFile; fileRef = B1A60D992C468F070070C75A /* OAuth2Service.swift */; };
		B1A60D9E2C4697230070C75A /* URLSession+data.swift in Sources */ = {isa = PBXBuildFile; fileRef = B1A60D9D2C4697230070C75A /* URLSession+data.swift */; };
		B1A60DA32C46A16E0070C75A /* OAuthTokenResponseBody.swift in Sources */ = {isa = PBXBuildFile; fileRef = B1A60DA22C46A16E0070C75A /* OAuthTokenResponseBody.swift */; };
		B1A60DA52C46A2760070C75A /* OAuthTokenStorage.swift in Sources */ = {isa = PBXBuildFile; fileRef = B1A60DA42C46A2760070C75A /* OAuthTokenStorage.swift */; };
		B1A60DA82C46A8170070C75A /* SplashViewController.swift in Sources */ = {isa = PBXBuildFile; fileRef = B1A60DA72C46A8170070C75A /* SplashViewController.swift */; };
		B1A60DAB2C480E300070C75A /* ProgressHUD in Frameworks */ = {isa = PBXBuildFile; productRef = B1A60DAA2C480E300070C75A /* ProgressHUD */; };
		B1A80E5C2C4542AE00EA3200 /* Constants.swift in Sources */ = {isa = PBXBuildFile; fileRef = B1A80E5B2C4542AE00EA3200 /* Constants.swift */; };
		B1A80E5F2C45493200EA3200 /* AuthViewController.swift in Sources */ = {isa = PBXBuildFile; fileRef = B1A80E5E2C45493200EA3200 /* AuthViewController.swift */; };
		B1A80E612C454E0500EA3200 /* WebViewViewController.swift in Sources */ = {isa = PBXBuildFile; fileRef = B1A80E602C454E0500EA3200 /* WebViewViewController.swift */; };
/* End PBXBuildFile section */

/* Begin PBXFileReference section */
		B115AE2E2C4A98AC00A0E7E7 /* UIBlockingProgressHUD.swift */ = {isa = PBXFileReference; lastKnownFileType = sourcecode.swift; path = UIBlockingProgressHUD.swift; sourceTree = "<group>"; };
		B115AE312C4A9AE000A0E7E7 /* ProfileService.swift */ = {isa = PBXFileReference; lastKnownFileType = sourcecode.swift; path = ProfileService.swift; sourceTree = "<group>"; };
		B115AE352C4ACB1600A0E7E7 /* ProfileModels.swift */ = {isa = PBXFileReference; lastKnownFileType = sourcecode.swift; path = ProfileModels.swift; sourceTree = "<group>"; };
		B115AE372C4ACBB400A0E7E7 /* ProfileImageService.swift */ = {isa = PBXFileReference; lastKnownFileType = sourcecode.swift; path = ProfileImageService.swift; sourceTree = "<group>"; };
		B115AE392C4ACD0E00A0E7E7 /* ProfileImageModel.swift */ = {isa = PBXFileReference; lastKnownFileType = sourcecode.swift; path = ProfileImageModel.swift; sourceTree = "<group>"; };
		B115AE3C2C4D2E4200A0E7E7 /* AlertPresenter.swift */ = {isa = PBXFileReference; lastKnownFileType = sourcecode.swift; path = AlertPresenter.swift; sourceTree = "<group>"; };
		B115AE682C4D45FB00A0E7E7 /* TabBarController.swift */ = {isa = PBXFileReference; lastKnownFileType = sourcecode.swift; path = TabBarController.swift; sourceTree = "<group>"; };
		B14F493D2C3960F400ACA29A /* ImageFeed_Storyboard.app */ = {isa = PBXFileReference; explicitFileType = wrapper.application; includeInIndex = 0; path = ImageFeed_Storyboard.app; sourceTree = BUILT_PRODUCTS_DIR; };
		B14F49402C3960F400ACA29A /* AppDelegate.swift */ = {isa = PBXFileReference; lastKnownFileType = sourcecode.swift; path = AppDelegate.swift; sourceTree = "<group>"; };
		B14F49422C3960F400ACA29A /* SceneDelegate.swift */ = {isa = PBXFileReference; lastKnownFileType = sourcecode.swift; path = SceneDelegate.swift; sourceTree = "<group>"; };
		B14F49442C3960F400ACA29A /* ImageListViewController.swift */ = {isa = PBXFileReference; lastKnownFileType = sourcecode.swift; path = ImageListViewController.swift; sourceTree = "<group>"; };
		B14F49472C3960F400ACA29A /* Base */ = {isa = PBXFileReference; lastKnownFileType = file.storyboard; name = Base; path = Base.lproj/Main.storyboard; sourceTree = "<group>"; };
		B14F49492C3960F600ACA29A /* Assets.xcassets */ = {isa = PBXFileReference; lastKnownFileType = folder.assetcatalog; path = Assets.xcassets; sourceTree = "<group>"; };
		B14F494C2C3960F600ACA29A /* Base */ = {isa = PBXFileReference; lastKnownFileType = file.storyboard; name = Base; path = Base.lproj/LaunchScreen.storyboard; sourceTree = "<group>"; };
		B14F494E2C3960F600ACA29A /* Info.plist */ = {isa = PBXFileReference; lastKnownFileType = text.plist.xml; path = Info.plist; sourceTree = "<group>"; };
		B14F49542C39646D00ACA29A /* ImageListCell.swift */ = {isa = PBXFileReference; lastKnownFileType = sourcecode.swift; path = ImageListCell.swift; sourceTree = "<group>"; };
		B14F49592C39678C00ACA29A /* DateFormatter.swift */ = {isa = PBXFileReference; lastKnownFileType = sourcecode.swift; path = DateFormatter.swift; sourceTree = "<group>"; };
		B14F495C2C39791C00ACA29A /* ProfileViewController.swift */ = {isa = PBXFileReference; lastKnownFileType = sourcecode.swift; path = ProfileViewController.swift; sourceTree = "<group>"; };
		B197C5322C39A69E008ACC8B /* SingleImageViewController.swift */ = {isa = PBXFileReference; lastKnownFileType = sourcecode.swift; path = SingleImageViewController.swift; sourceTree = "<group>"; };
		B1A60D992C468F070070C75A /* OAuth2Service.swift */ = {isa = PBXFileReference; lastKnownFileType = sourcecode.swift; path = OAuth2Service.swift; sourceTree = "<group>"; };
		B1A60D9D2C4697230070C75A /* URLSession+data.swift */ = {isa = PBXFileReference; lastKnownFileType = sourcecode.swift; path = "URLSession+data.swift"; sourceTree = "<group>"; };
		B1A60DA22C46A16E0070C75A /* OAuthTokenResponseBody.swift */ = {isa = PBXFileReference; lastKnownFileType = sourcecode.swift; path = OAuthTokenResponseBody.swift; sourceTree = "<group>"; };
		B1A60DA42C46A2760070C75A /* OAuthTokenStorage.swift */ = {isa = PBXFileReference; lastKnownFileType = sourcecode.swift; path = OAuthTokenStorage.swift; sourceTree = "<group>"; };
		B1A60DA72C46A8170070C75A /* SplashViewController.swift */ = {isa = PBXFileReference; lastKnownFileType = sourcecode.swift; path = SplashViewController.swift; sourceTree = "<group>"; };
		B1A80E5B2C4542AE00EA3200 /* Constants.swift */ = {isa = PBXFileReference; lastKnownFileType = sourcecode.swift; path = Constants.swift; sourceTree = "<group>"; };
		B1A80E5E2C45493200EA3200 /* AuthViewController.swift */ = {isa = PBXFileReference; lastKnownFileType = sourcecode.swift; path = AuthViewController.swift; sourceTree = "<group>"; };
		B1A80E602C454E0500EA3200 /* WebViewViewController.swift */ = {isa = PBXFileReference; lastKnownFileType = sourcecode.swift; path = WebViewViewController.swift; sourceTree = "<group>"; };
/* End PBXFileReference section */

/* Begin PBXFrameworksBuildPhase section */
		B14F493A2C3960F400ACA29A /* Frameworks */ = {
			isa = PBXFrameworksBuildPhase;
			buildActionMask = 2147483647;
			files = (
				B115AE632C4D3A7500A0E7E7 /* Kingfisher in Frameworks */,
				B1A60DAB2C480E300070C75A /* ProgressHUD in Frameworks */,
				B115AE662C4D431F00A0E7E7 /* SwiftKeychainWrapper in Frameworks */,
			);
			runOnlyForDeploymentPostprocessing = 0;
		};
/* End PBXFrameworksBuildPhase section */

/* Begin PBXGroup section */
		B115AE3B2C4D2E3600A0E7E7 /* AlertPresenter */ = {
			isa = PBXGroup;
			children = (
				B115AE3C2C4D2E4200A0E7E7 /* AlertPresenter.swift */,
			);
			path = AlertPresenter;
			sourceTree = "<group>";
		};
		B115AE672C4D45EA00A0E7E7 /* TabBarController */ = {
			isa = PBXGroup;
			children = (
				B115AE682C4D45FB00A0E7E7 /* TabBarController.swift */,
			);
			path = TabBarController;
			sourceTree = "<group>";
		};
		B14F49342C3960F300ACA29A = {
			isa = PBXGroup;
			children = (
				B14F493F2C3960F400ACA29A /* ImageFeed_Storyboard */,
				B14F493E2C3960F400ACA29A /* Products */,
			);
			sourceTree = "<group>";
		};
		B14F493E2C3960F400ACA29A /* Products */ = {
			isa = PBXGroup;
			children = (
				B14F493D2C3960F400ACA29A /* ImageFeed_Storyboard.app */,
			);
			name = Products;
			sourceTree = "<group>";
		};
		B14F493F2C3960F400ACA29A /* ImageFeed_Storyboard */ = {
			isa = PBXGroup;
			children = (
				B115AE672C4D45EA00A0E7E7 /* TabBarController */,
				B115AE3B2C4D2E3600A0E7E7 /* AlertPresenter */,
				B1A80E5D2C45491400EA3200 /* AuthScreen */,
				B14F49582C39677F00ACA29A /* Helpers */,
				B14F49572C39649700ACA29A /* ImageList */,
				B14F494E2C3960F600ACA29A /* Info.plist */,
				B1A60DA12C469D5D0070C75A /* OAuth */,
				B14F495B2C39790900ACA29A /* ProfileScreen */,
				B17E15332C3ADD0A0001EC01 /* Resources */,
				B197C5312C39A68C008ACC8B /* SingleImage */,
				B1A60DA62C46A8090070C75A /* Splash */,
				B1A80E5A2C4542A200EA3200 /* UnsplashAPI */,
				B115AE2E2C4A98AC00A0E7E7 /* UIBlockingProgressHUD.swift */,
			);
			path = ImageFeed_Storyboard;
			sourceTree = "<group>";
		};
		B14F49572C39649700ACA29A /* ImageList */ = {
			isa = PBXGroup;
			children = (
				B14F49442C3960F400ACA29A /* ImageListViewController.swift */,
				B14F49542C39646D00ACA29A /* ImageListCell.swift */,
			);
			path = ImageList;
			sourceTree = "<group>";
		};
		B14F49582C39677F00ACA29A /* Helpers */ = {
			isa = PBXGroup;
			children = (
				B1A60D9D2C4697230070C75A /* URLSession+data.swift */,
				B14F49592C39678C00ACA29A /* DateFormatter.swift */,
			);
			path = Helpers;
			sourceTree = "<group>";
		};
		B14F495B2C39790900ACA29A /* ProfileScreen */ = {
			isa = PBXGroup;
			children = (
				B115AE312C4A9AE000A0E7E7 /* ProfileService.swift */,
				B14F495C2C39791C00ACA29A /* ProfileViewController.swift */,
				B115AE352C4ACB1600A0E7E7 /* ProfileModels.swift */,
				B115AE372C4ACBB400A0E7E7 /* ProfileImageService.swift */,
				B115AE392C4ACD0E00A0E7E7 /* ProfileImageModel.swift */,
			);
			path = ProfileScreen;
			sourceTree = "<group>";
		};
		B17E15332C3ADD0A0001EC01 /* Resources */ = {
			isa = PBXGroup;
			children = (
				B14F49402C3960F400ACA29A /* AppDelegate.swift */,
				B14F49422C3960F400ACA29A /* SceneDelegate.swift */,
				B14F49462C3960F400ACA29A /* Main.storyboard */,
				B14F49492C3960F600ACA29A /* Assets.xcassets */,
				B14F494B2C3960F600ACA29A /* LaunchScreen.storyboard */,
			);
			path = Resources;
			sourceTree = "<group>";
		};
		B197C5312C39A68C008ACC8B /* SingleImage */ = {
			isa = PBXGroup;
			children = (
				B197C5322C39A69E008ACC8B /* SingleImageViewController.swift */,
			);
			path = SingleImage;
			sourceTree = "<group>";
		};
		B1A60DA12C469D5D0070C75A /* OAuth */ = {
			isa = PBXGroup;
			children = (
				B1A60D992C468F070070C75A /* OAuth2Service.swift */,
				B1A60DA22C46A16E0070C75A /* OAuthTokenResponseBody.swift */,
				B1A60DA42C46A2760070C75A /* OAuthTokenStorage.swift */,
			);
			name = OAuth;
			path = Splash/OAuth;
			sourceTree = "<group>";
		};
		B1A60DA62C46A8090070C75A /* Splash */ = {
			isa = PBXGroup;
			children = (
				B1A60DA72C46A8170070C75A /* SplashViewController.swift */,
			);
			path = Splash;
			sourceTree = "<group>";
		};
		B1A80E5A2C4542A200EA3200 /* UnsplashAPI */ = {
			isa = PBXGroup;
			children = (
				B1A80E5B2C4542AE00EA3200 /* Constants.swift */,
			);
			path = UnsplashAPI;
			sourceTree = "<group>";
		};
		B1A80E5D2C45491400EA3200 /* AuthScreen */ = {
			isa = PBXGroup;
			children = (
				B1A80E5E2C45493200EA3200 /* AuthViewController.swift */,
				B1A80E602C454E0500EA3200 /* WebViewViewController.swift */,
			);
			path = AuthScreen;
			sourceTree = "<group>";
		};
/* End PBXGroup section */

/* Begin PBXNativeTarget section */
		B14F493C2C3960F400ACA29A /* ImageFeed_Storyboard */ = {
			isa = PBXNativeTarget;
			buildConfigurationList = B14F49512C3960F600ACA29A /* Build configuration list for PBXNativeTarget "ImageFeed_Storyboard" */;
			buildPhases = (
				B14F49392C3960F400ACA29A /* Sources */,
				B14F493A2C3960F400ACA29A /* Frameworks */,
				B14F493B2C3960F400ACA29A /* Resources */,
			);
			buildRules = (
			);
			dependencies = (
			);
			name = ImageFeed_Storyboard;
			packageProductDependencies = (
				B1A60DAA2C480E300070C75A /* ProgressHUD */,
				B115AE622C4D3A7500A0E7E7 /* Kingfisher */,
				B115AE652C4D431F00A0E7E7 /* SwiftKeychainWrapper */,
			);
			productName = ImageFeed_Storyboard;
			productReference = B14F493D2C3960F400ACA29A /* ImageFeed_Storyboard.app */;
			productType = "com.apple.product-type.application";
		};
/* End PBXNativeTarget section */

/* Begin PBXProject section */
		B14F49352C3960F300ACA29A /* Project object */ = {
			isa = PBXProject;
			attributes = {
				BuildIndependentTargetsInParallel = 1;
				LastSwiftUpdateCheck = 1540;
				LastUpgradeCheck = 1540;
				TargetAttributes = {
					B14F493C2C3960F400ACA29A = {
						CreatedOnToolsVersion = 15.4;
					};
				};
			};
			buildConfigurationList = B14F49382C3960F300ACA29A /* Build configuration list for PBXProject "ImageFeed_Storyboard" */;
			compatibilityVersion = "Xcode 14.0";
			developmentRegion = en;
			hasScannedForEncodings = 0;
			knownRegions = (
				en,
				Base,
			);
			mainGroup = B14F49342C3960F300ACA29A;
			packageReferences = (
				B1A60DA92C480E300070C75A /* XCRemoteSwiftPackageReference "ProgressHUD" */,
				B115AE612C4D3A7500A0E7E7 /* XCRemoteSwiftPackageReference "Kingfisher" */,
				B115AE642C4D431F00A0E7E7 /* XCRemoteSwiftPackageReference "SwiftKeychainWrapper" */,
			);
			productRefGroup = B14F493E2C3960F400ACA29A /* Products */;
			projectDirPath = "";
			projectRoot = "";
			targets = (
				B14F493C2C3960F400ACA29A /* ImageFeed_Storyboard */,
			);
		};
/* End PBXProject section */

/* Begin PBXResourcesBuildPhase section */
		B14F493B2C3960F400ACA29A /* Resources */ = {
			isa = PBXResourcesBuildPhase;
			buildActionMask = 2147483647;
			files = (
				B14F494A2C3960F600ACA29A /* Assets.xcassets in Resources */,
				B14F494D2C3960F600ACA29A /* Base in Resources */,
				B14F49482C3960F400ACA29A /* Base in Resources */,
			);
			runOnlyForDeploymentPostprocessing = 0;
		};
/* End PBXResourcesBuildPhase section */

/* Begin PBXSourcesBuildPhase section */
		B14F49392C3960F400ACA29A /* Sources */ = {
			isa = PBXSourcesBuildPhase;
			buildActionMask = 2147483647;
			files = (
				B1A60D9E2C4697230070C75A /* URLSession+data.swift in Sources */,
				B1A80E612C454E0500EA3200 /* WebViewViewController.swift in Sources */,
				B14F495D2C39791C00ACA29A /* ProfileViewController.swift in Sources */,
				B115AE2F2C4A98AC00A0E7E7 /* UIBlockingProgressHUD.swift in Sources */,
				B1A60D9A2C468F070070C75A /* OAuth2Service.swift in Sources */,
				B14F49452C3960F400ACA29A /* ImageListViewController.swift in Sources */,
				B14F49552C39646D00ACA29A /* ImageListCell.swift in Sources */,
				B115AE322C4A9AE000A0E7E7 /* ProfileService.swift in Sources */,
				B115AE3D2C4D2E4200A0E7E7 /* AlertPresenter.swift in Sources */,
				B197C5332C39A69E008ACC8B /* SingleImageViewController.swift in Sources */,
				B14F49412C3960F400ACA29A /* AppDelegate.swift in Sources */,
				B1A80E5C2C4542AE00EA3200 /* Constants.swift in Sources */,
				B115AE382C4ACBB400A0E7E7 /* ProfileImageService.swift in Sources */,
				B115AE692C4D45FB00A0E7E7 /* TabBarController.swift in Sources */,
				B1A60DA82C46A8170070C75A /* SplashViewController.swift in Sources */,
				B1A60DA52C46A2760070C75A /* OAuthTokenStorage.swift in Sources */,
				B1A60DA32C46A16E0070C75A /* OAuthTokenResponseBody.swift in Sources */,
				B14F49432C3960F400ACA29A /* SceneDelegate.swift in Sources */,
				B115AE362C4ACB1600A0E7E7 /* ProfileModels.swift in Sources */,
				B1A80E5F2C45493200EA3200 /* AuthViewController.swift in Sources */,
				B14F495A2C39678C00ACA29A /* DateFormatter.swift in Sources */,
				B115AE3A2C4ACD0E00A0E7E7 /* ProfileImageModel.swift in Sources */,
			);
			runOnlyForDeploymentPostprocessing = 0;
		};
/* End PBXSourcesBuildPhase section */

/* Begin PBXVariantGroup section */
		B14F49462C3960F400ACA29A /* Main.storyboard */ = {
			isa = PBXVariantGroup;
			children = (
				B14F49472C3960F400ACA29A /* Base */,
			);
			name = Main.storyboard;
			sourceTree = "<group>";
		};
		B14F494B2C3960F600ACA29A /* LaunchScreen.storyboard */ = {
			isa = PBXVariantGroup;
			children = (
				B14F494C2C3960F600ACA29A /* Base */,
			);
			name = LaunchScreen.storyboard;
			sourceTree = "<group>";
		};
/* End PBXVariantGroup section */

/* Begin XCBuildConfiguration section */
		B14F494F2C3960F600ACA29A /* Debug */ = {
			isa = XCBuildConfiguration;
			buildSettings = {
				ALWAYS_SEARCH_USER_PATHS = NO;
				ASSETCATALOG_COMPILER_GENERATE_SWIFT_ASSET_SYMBOL_EXTENSIONS = YES;
				CLANG_ANALYZER_NONNULL = YES;
				CLANG_ANALYZER_NUMBER_OBJECT_CONVERSION = YES_AGGRESSIVE;
				CLANG_CXX_LANGUAGE_STANDARD = "gnu++20";
				CLANG_ENABLE_MODULES = YES;
				CLANG_ENABLE_OBJC_ARC = YES;
				CLANG_ENABLE_OBJC_WEAK = YES;
				CLANG_WARN_BLOCK_CAPTURE_AUTORELEASING = YES;
				CLANG_WARN_BOOL_CONVERSION = YES;
				CLANG_WARN_COMMA = YES;
				CLANG_WARN_CONSTANT_CONVERSION = YES;
				CLANG_WARN_DEPRECATED_OBJC_IMPLEMENTATIONS = YES;
				CLANG_WARN_DIRECT_OBJC_ISA_USAGE = YES_ERROR;
				CLANG_WARN_DOCUMENTATION_COMMENTS = YES;
				CLANG_WARN_EMPTY_BODY = YES;
				CLANG_WARN_ENUM_CONVERSION = YES;
				CLANG_WARN_INFINITE_RECURSION = YES;
				CLANG_WARN_INT_CONVERSION = YES;
				CLANG_WARN_NON_LITERAL_NULL_CONVERSION = YES;
				CLANG_WARN_OBJC_IMPLICIT_RETAIN_SELF = YES;
				CLANG_WARN_OBJC_LITERAL_CONVERSION = YES;
				CLANG_WARN_OBJC_ROOT_CLASS = YES_ERROR;
				CLANG_WARN_QUOTED_INCLUDE_IN_FRAMEWORK_HEADER = YES;
				CLANG_WARN_RANGE_LOOP_ANALYSIS = YES;
				CLANG_WARN_STRICT_PROTOTYPES = YES;
				CLANG_WARN_SUSPICIOUS_MOVE = YES;
				CLANG_WARN_UNGUARDED_AVAILABILITY = YES_AGGRESSIVE;
				CLANG_WARN_UNREACHABLE_CODE = YES;
				CLANG_WARN__DUPLICATE_METHOD_MATCH = YES;
				COPY_PHASE_STRIP = NO;
				DEBUG_INFORMATION_FORMAT = dwarf;
				ENABLE_STRICT_OBJC_MSGSEND = YES;
				ENABLE_TESTABILITY = YES;
				ENABLE_USER_SCRIPT_SANDBOXING = YES;
				GCC_C_LANGUAGE_STANDARD = gnu17;
				GCC_DYNAMIC_NO_PIC = NO;
				GCC_NO_COMMON_BLOCKS = YES;
				GCC_OPTIMIZATION_LEVEL = 0;
				GCC_PREPROCESSOR_DEFINITIONS = (
					"DEBUG=1",
					"$(inherited)",
				);
				GCC_WARN_64_TO_32_BIT_CONVERSION = YES;
				GCC_WARN_ABOUT_RETURN_TYPE = YES_ERROR;
				GCC_WARN_UNDECLARED_SELECTOR = YES;
				GCC_WARN_UNINITIALIZED_AUTOS = YES_AGGRESSIVE;
				GCC_WARN_UNUSED_FUNCTION = YES;
				GCC_WARN_UNUSED_VARIABLE = YES;
				IPHONEOS_DEPLOYMENT_TARGET = 15.0;
				LOCALIZATION_PREFERS_STRING_CATALOGS = YES;
				MTL_ENABLE_DEBUG_INFO = INCLUDE_SOURCE;
				MTL_FAST_MATH = YES;
				ONLY_ACTIVE_ARCH = YES;
				SDKROOT = iphoneos;
				SWIFT_ACTIVE_COMPILATION_CONDITIONS = "DEBUG $(inherited)";
				SWIFT_OPTIMIZATION_LEVEL = "-Onone";
			};
			name = Debug;
		};
		B14F49502C3960F600ACA29A /* Release */ = {
			isa = XCBuildConfiguration;
			buildSettings = {
				ALWAYS_SEARCH_USER_PATHS = NO;
				ASSETCATALOG_COMPILER_GENERATE_SWIFT_ASSET_SYMBOL_EXTENSIONS = YES;
				CLANG_ANALYZER_NONNULL = YES;
				CLANG_ANALYZER_NUMBER_OBJECT_CONVERSION = YES_AGGRESSIVE;
				CLANG_CXX_LANGUAGE_STANDARD = "gnu++20";
				CLANG_ENABLE_MODULES = YES;
				CLANG_ENABLE_OBJC_ARC = YES;
				CLANG_ENABLE_OBJC_WEAK = YES;
				CLANG_WARN_BLOCK_CAPTURE_AUTORELEASING = YES;
				CLANG_WARN_BOOL_CONVERSION = YES;
				CLANG_WARN_COMMA = YES;
				CLANG_WARN_CONSTANT_CONVERSION = YES;
				CLANG_WARN_DEPRECATED_OBJC_IMPLEMENTATIONS = YES;
				CLANG_WARN_DIRECT_OBJC_ISA_USAGE = YES_ERROR;
				CLANG_WARN_DOCUMENTATION_COMMENTS = YES;
				CLANG_WARN_EMPTY_BODY = YES;
				CLANG_WARN_ENUM_CONVERSION = YES;
				CLANG_WARN_INFINITE_RECURSION = YES;
				CLANG_WARN_INT_CONVERSION = YES;
				CLANG_WARN_NON_LITERAL_NULL_CONVERSION = YES;
				CLANG_WARN_OBJC_IMPLICIT_RETAIN_SELF = YES;
				CLANG_WARN_OBJC_LITERAL_CONVERSION = YES;
				CLANG_WARN_OBJC_ROOT_CLASS = YES_ERROR;
				CLANG_WARN_QUOTED_INCLUDE_IN_FRAMEWORK_HEADER = YES;
				CLANG_WARN_RANGE_LOOP_ANALYSIS = YES;
				CLANG_WARN_STRICT_PROTOTYPES = YES;
				CLANG_WARN_SUSPICIOUS_MOVE = YES;
				CLANG_WARN_UNGUARDED_AVAILABILITY = YES_AGGRESSIVE;
				CLANG_WARN_UNREACHABLE_CODE = YES;
				CLANG_WARN__DUPLICATE_METHOD_MATCH = YES;
				COPY_PHASE_STRIP = NO;
				DEBUG_INFORMATION_FORMAT = "dwarf-with-dsym";
				ENABLE_NS_ASSERTIONS = NO;
				ENABLE_STRICT_OBJC_MSGSEND = YES;
				ENABLE_USER_SCRIPT_SANDBOXING = YES;
				GCC_C_LANGUAGE_STANDARD = gnu17;
				GCC_NO_COMMON_BLOCKS = YES;
				GCC_WARN_64_TO_32_BIT_CONVERSION = YES;
				GCC_WARN_ABOUT_RETURN_TYPE = YES_ERROR;
				GCC_WARN_UNDECLARED_SELECTOR = YES;
				GCC_WARN_UNINITIALIZED_AUTOS = YES_AGGRESSIVE;
				GCC_WARN_UNUSED_FUNCTION = YES;
				GCC_WARN_UNUSED_VARIABLE = YES;
				IPHONEOS_DEPLOYMENT_TARGET = 15.0;
				LOCALIZATION_PREFERS_STRING_CATALOGS = YES;
				MTL_ENABLE_DEBUG_INFO = NO;
				MTL_FAST_MATH = YES;
				SDKROOT = iphoneos;
				SWIFT_COMPILATION_MODE = wholemodule;
				VALIDATE_PRODUCT = YES;
			};
			name = Release;
		};
		B14F49522C3960F600ACA29A /* Debug */ = {
			isa = XCBuildConfiguration;
			buildSettings = {
				ASSETCATALOG_COMPILER_APPICON_NAME = AppIcon;
				ASSETCATALOG_COMPILER_GLOBAL_ACCENT_COLOR_NAME = AccentColor;
				CODE_SIGN_STYLE = Automatic;
				CURRENT_PROJECT_VERSION = 1;
				DEVELOPMENT_TEAM = 6KPN2LM4B7;
				GENERATE_INFOPLIST_FILE = YES;
				INFOPLIST_FILE = ImageFeed_Storyboard/Info.plist;
				INFOPLIST_KEY_UIApplicationSupportsIndirectInputEvents = YES;
				INFOPLIST_KEY_UILaunchStoryboardName = LaunchScreen;
				INFOPLIST_KEY_UIMainStoryboardFile = Main;
				INFOPLIST_KEY_UISupportedInterfaceOrientations_iPad = "UIInterfaceOrientationPortrait UIInterfaceOrientationPortraitUpsideDown UIInterfaceOrientationLandscapeLeft UIInterfaceOrientationLandscapeRight";
				INFOPLIST_KEY_UISupportedInterfaceOrientations_iPhone = "UIInterfaceOrientationPortrait UIInterfaceOrientationLandscapeLeft UIInterfaceOrientationLandscapeRight";
				LD_RUNPATH_SEARCH_PATHS = (
					"$(inherited)",
					"@executable_path/Frameworks",
				);
				MARKETING_VERSION = 1.0;
				PRODUCT_BUNDLE_IDENTIFIER = "ru.suther1and.ImageFeed-Storyboard";
				PRODUCT_NAME = "$(TARGET_NAME)";
				SWIFT_EMIT_LOC_STRINGS = YES;
				SWIFT_VERSION = 5.0;
				TARGETED_DEVICE_FAMILY = "1,2";
			};
			name = Debug;
		};
		B14F49532C3960F600ACA29A /* Release */ = {
			isa = XCBuildConfiguration;
			buildSettings = {
				ASSETCATALOG_COMPILER_APPICON_NAME = AppIcon;
				ASSETCATALOG_COMPILER_GLOBAL_ACCENT_COLOR_NAME = AccentColor;
				CODE_SIGN_STYLE = Automatic;
				CURRENT_PROJECT_VERSION = 1;
				DEVELOPMENT_TEAM = 6KPN2LM4B7;
				GENERATE_INFOPLIST_FILE = YES;
				INFOPLIST_FILE = ImageFeed_Storyboard/Info.plist;
				INFOPLIST_KEY_UIApplicationSupportsIndirectInputEvents = YES;
				INFOPLIST_KEY_UILaunchStoryboardName = LaunchScreen;
				INFOPLIST_KEY_UIMainStoryboardFile = Main;
				INFOPLIST_KEY_UISupportedInterfaceOrientations_iPad = "UIInterfaceOrientationPortrait UIInterfaceOrientationPortraitUpsideDown UIInterfaceOrientationLandscapeLeft UIInterfaceOrientationLandscapeRight";
				INFOPLIST_KEY_UISupportedInterfaceOrientations_iPhone = "UIInterfaceOrientationPortrait UIInterfaceOrientationLandscapeLeft UIInterfaceOrientationLandscapeRight";
				LD_RUNPATH_SEARCH_PATHS = (
					"$(inherited)",
					"@executable_path/Frameworks",
				);
				MARKETING_VERSION = 1.0;
				PRODUCT_BUNDLE_IDENTIFIER = "ru.suther1and.ImageFeed-Storyboard";
				PRODUCT_NAME = "$(TARGET_NAME)";
				SWIFT_EMIT_LOC_STRINGS = YES;
				SWIFT_VERSION = 5.0;
				TARGETED_DEVICE_FAMILY = "1,2";
			};
			name = Release;
		};
/* End XCBuildConfiguration section */

/* Begin XCConfigurationList section */
		B14F49382C3960F300ACA29A /* Build configuration list for PBXProject "ImageFeed_Storyboard" */ = {
			isa = XCConfigurationList;
			buildConfigurations = (
				B14F494F2C3960F600ACA29A /* Debug */,
				B14F49502C3960F600ACA29A /* Release */,
			);
			defaultConfigurationIsVisible = 0;
			defaultConfigurationName = Release;
		};
		B14F49512C3960F600ACA29A /* Build configuration list for PBXNativeTarget "ImageFeed_Storyboard" */ = {
			isa = XCConfigurationList;
			buildConfigurations = (
				B14F49522C3960F600ACA29A /* Debug */,
				B14F49532C3960F600ACA29A /* Release */,
			);
			defaultConfigurationIsVisible = 0;
			defaultConfigurationName = Release;
		};
/* End XCConfigurationList section */

/* Begin XCRemoteSwiftPackageReference section */
		B115AE612C4D3A7500A0E7E7 /* XCRemoteSwiftPackageReference "Kingfisher" */ = {
			isa = XCRemoteSwiftPackageReference;
			repositoryURL = "https://github.com/onevcat/Kingfisher.git";
			requirement = {
				kind = upToNextMajorVersion;
				minimumVersion = 7.12.0;
			};
		};
		B115AE642C4D431F00A0E7E7 /* XCRemoteSwiftPackageReference "SwiftKeychainWrapper" */ = {
			isa = XCRemoteSwiftPackageReference;
			repositoryURL = "https://github.com/jrendel/SwiftKeychainWrapper";
			requirement = {
				kind = upToNextMajorVersion;
				minimumVersion = 4.0.1;
			};
		};
		B1A60DA92C480E300070C75A /* XCRemoteSwiftPackageReference "ProgressHUD" */ = {
			isa = XCRemoteSwiftPackageReference;
			repositoryURL = "https://github.com/relatedcode/ProgressHUD.git";
			requirement = {
				kind = upToNextMajorVersion;
				minimumVersion = 14.1.3;
			};
		};
/* End XCRemoteSwiftPackageReference section */

/* Begin XCSwiftPackageProductDependency section */
		B115AE622C4D3A7500A0E7E7 /* Kingfisher */ = {
			isa = XCSwiftPackageProductDependency;
			package = B115AE612C4D3A7500A0E7E7 /* XCRemoteSwiftPackageReference "Kingfisher" */;
			productName = Kingfisher;
		};
		B115AE652C4D431F00A0E7E7 /* SwiftKeychainWrapper */ = {
			isa = XCSwiftPackageProductDependency;
			package = B115AE642C4D431F00A0E7E7 /* XCRemoteSwiftPackageReference "SwiftKeychainWrapper" */;
			productName = SwiftKeychainWrapper;
		};
		B1A60DAA2C480E300070C75A /* ProgressHUD */ = {
			isa = XCSwiftPackageProductDependency;
			package = B1A60DA92C480E300070C75A /* XCRemoteSwiftPackageReference "ProgressHUD" */;
			productName = ProgressHUD;
		};
/* End XCSwiftPackageProductDependency section */
	};
	rootObject = B14F49352C3960F300ACA29A /* Project object */;
}
