{
  "originHash" : "77b4fea27faef003e05b39b88ed54d7e47da851ee58c50ce53d1ecea15f7f8ec",
  "pins" : [
    {
      "identity" : "kingfisher",
      "kind" : "remoteSourceControl",
      "location" : "https://github.com/onevcat/Kingfisher.git",
      "state" : {
        "revision" : "2ef543ee21d63734e1c004ad6c870255e8716c50",
        "version" : "7.12.0"
      }
    },
    {
      "identity" : "progresshud",
      "kind" : "remoteSourceControl",
      "location" : "https://github.com/relatedcode/ProgressHUD.git",
      "state" : {
        "revision" : "9364904a42cb25f58d026451140c4080a868e72e",
        "version" : "14.1.3"
      }
    },
    {
      "identity" : "swiftkeychainwrapper",
      "kind" : "remoteSourceControl",
      "location" : "https://github.com/jrendel/SwiftKeychainWrapper",
      "state" : {
        "revision" : "185a3165346a03767101c4f62e9a545a0fe0530f",
        "version" : "4.0.1"
      }
    }
  ],
  "version" : 3
}
